
Microsoft Visual Studio Solution File, Format Version 12.00
# Visual Studio 15
VisualStudioVersion = 15.0.27703.2042
MinimumVisualStudioVersion = 10.0.40219.1
Project("{9A19103F-16F7-4668-BE54-9A1E7A4F7556}") = "GoogleKeepDB", "GoogleKeepDB\GoogleKeepDB.csproj", "{36D60503-34D0-432B-9ECB-8EAC58A8E195}"
EndProject
Project("{9A19103F-16F7-4668-BE54-9A1E7A4F7556}") = "GoogleDBInMemoryTest", "GoogleDBInMemoryTest\GoogleDBInMemoryTest.csproj", "{2B99B2EF-71C5-435A-B096-E561109396D3}"
EndProject
Project("{E53339B2-1760-4266-BCC7-CA923CBCF16C}") = "docker-compose", "docker-compose.dcproj", "{821EBEDB-5B9A-4EFC-B2E7-5F97E1C6F5B1}"
EndProject
Global
	GlobalSection(SolutionConfigurationPlatforms) = preSolution
		Debug|Any CPU = Debug|Any CPU
		Release|Any CPU = Release|Any CPU
	EndGlobalSection
	GlobalSection(ProjectConfigurationPlatforms) = postSolution
		{36D60503-34D0-432B-9ECB-8EAC58A8E195}.Debug|Any CPU.ActiveCfg = Debug|Any CPU
		{36D60503-34D0-432B-9ECB-8EAC58A8E195}.Debug|Any CPU.Build.0 = Debug|Any CPU
		{36D60503-34D0-432B-9ECB-8EAC58A8E195}.Release|Any CPU.ActiveCfg = Release|Any CPU
		{36D60503-34D0-432B-9ECB-8EAC58A8E195}.Release|Any CPU.Build.0 = Release|Any CPU
		{2B99B2EF-71C5-435A-B096-E561109396D3}.Debug|Any CPU.ActiveCfg = Debug|Any CPU
		{2B99B2EF-71C5-435A-B096-E561109396D3}.Debug|Any CPU.Build.0 = Debug|Any CPU
		{2B99B2EF-71C5-435A-B096-E561109396D3}.Release|Any CPU.ActiveCfg = Release|Any CPU
		{2B99B2EF-71C5-435A-B096-E561109396D3}.Release|Any CPU.Build.0 = Release|Any CPU
		{821EBEDB-5B9A-4EFC-B2E7-5F97E1C6F5B1}.Debug|Any CPU.ActiveCfg = Debug|Any CPU
		{821EBEDB-5B9A-4EFC-B2E7-5F97E1C6F5B1}.Debug|Any CPU.Build.0 = Debug|Any CPU
		{821EBEDB-5B9A-4EFC-B2E7-5F97E1C6F5B1}.Release|Any CPU.ActiveCfg = Release|Any CPU
		{821EBEDB-5B9A-4EFC-B2E7-5F97E1C6F5B1}.Release|Any CPU.Build.0 = Release|Any CPU
	EndGlobalSection
	GlobalSection(SolutionProperties) = preSolution
		HideSolutionNode = FALSE
	EndGlobalSection
	GlobalSection(ExtensibilityGlobals) = postSolution
		SolutionGuid = {48D8895F-281E-46DB-9ACB-26FA97F55AE6}
	EndGlobalSection
EndGlobal
